
Microsoft Visual Studio Solution File, Format Version 12.00
# Visual Studio Version 17
VisualStudioVersion = 17.11.35327.3
MinimumVisualStudioVersion = 10.0.40219.1
Project("{8BC9CEB8-8B4A-11D0-8D11-00A0C91BC942}") = "text_11.2", "text_11.2\text_11.2.vcxproj", "{FF764B51-B84F-4DE3-9449-C08B838C4756}"
EndProject
Global
	GlobalSection(SolutionConfigurationPlatforms) = preSolution
		Debug|x64 = Debug|x64
		Debug|x86 = Debug|x86
		Release|x64 = Release|x64
		Release|x86 = Release|x86
	EndGlobalSection
	GlobalSection(ProjectConfigurationPlatforms) = postSolution
		{FF764B51-B84F-4DE3-9449-C08B838C4756}.Debug|x64.ActiveCfg = Debug|x64
		{FF764B51-B84F-4DE3-9449-C08B838C4756}.Debug|x64.Build.0 = Debug|x64
		{FF764B51-B84F-4DE3-9449-C08B838C4756}.Debug|x86.ActiveCfg = Debug|Win32
		{FF764B51-B84F-4DE3-9449-C08B838C4756}.Debug|x86.Build.0 = Debug|Win32
		{FF764B51-B84F-4DE3-9449-C08B838C4756}.Release|x64.ActiveCfg = Release|x64
		{FF764B51-B84F-4DE3-9449-C08B838C4756}.Release|x64.Build.0 = Release|x64
		{FF764B51-B84F-4DE3-9449-C08B838C4756}.Release|x86.ActiveCfg = Release|Win32
		{FF764B51-B84F-4DE3-9449-C08B838C4756}.Release|x86.Build.0 = Release|Win32
	EndGlobalSection
	GlobalSection(SolutionProperties) = preSolution
		HideSolutionNode = FALSE
	EndGlobalSection
	GlobalSection(ExtensibilityGlobals) = postSolution
		SolutionGuid = {654031C7-F8CA-4185-808F-9E95BC5AA38D}
	EndGlobalSection
EndGlobal
