
Microsoft Visual Studio Solution File, Format Version 12.00
# Visual Studio Version 17
VisualStudioVersion = 17.11.35327.3
MinimumVisualStudioVersion = 10.0.40219.1
Project("{8BC9CEB8-8B4A-11D0-8D11-00A0C91BC942}") = "zifu", "zifu\zifu.vcxproj", "{D3F83AA8-D72C-45EE-BA4A-1B1EB7790492}"
EndProject
Global
	GlobalSection(SolutionConfigurationPlatforms) = preSolution
		Debug|x64 = Debug|x64
		Debug|x86 = Debug|x86
		Release|x64 = Release|x64
		Release|x86 = Release|x86
	EndGlobalSection
	GlobalSection(ProjectConfigurationPlatforms) = postSolution
		{D3F83AA8-D72C-45EE-BA4A-1B1EB7790492}.Debug|x64.ActiveCfg = Debug|x64
		{D3F83AA8-D72C-45EE-BA4A-1B1EB7790492}.Debug|x64.Build.0 = Debug|x64
		{D3F83AA8-D72C-45EE-BA4A-1B1EB7790492}.Debug|x86.ActiveCfg = Debug|Win32
		{D3F83AA8-D72C-45EE-BA4A-1B1EB7790492}.Debug|x86.Build.0 = Debug|Win32
		{D3F83AA8-D72C-45EE-BA4A-1B1EB7790492}.Release|x64.ActiveCfg = Release|x64
		{D3F83AA8-D72C-45EE-BA4A-1B1EB7790492}.Release|x64.Build.0 = Release|x64
		{D3F83AA8-D72C-45EE-BA4A-1B1EB7790492}.Release|x86.ActiveCfg = Release|Win32
		{D3F83AA8-D72C-45EE-BA4A-1B1EB7790492}.Release|x86.Build.0 = Release|Win32
	EndGlobalSection
	GlobalSection(SolutionProperties) = preSolution
		HideSolutionNode = FALSE
	EndGlobalSection
	GlobalSection(ExtensibilityGlobals) = postSolution
		SolutionGuid = {C2FC0641-6C2A-4004-BCE4-F15CD4355C54}
	EndGlobalSection
EndGlobal
